# This file was autogenerated by Stack.
# You should not edit this file by hand.
# For more information, please see the documentation at:
#   https://docs.haskellstack.org/en/stable/lock_files

packages:
- completed:
    hackage: IfElse-0.85@sha256:6939b94acc6a55f545f63a168a349dd2fbe4b9a7cca73bf60282db5cc6aa47d2,445
    pantry-tree:
      size: 213
      sha256: 4efed7ab11ec6d794c7e56eb76216363c51c4c084d9a616917fc025a1151cd65
  original:
    hackage: IfElse-0.85
- completed:
    hackage: fgl-visualize-0.1.0.1@sha256:e682066053a6e75478a08fd6822dd0143a3b8ea23244bdb01dd389a266447c5e,995
    pantry-tree:
      size: 224
      sha256: 969d6b60ea298ffb81697dd350e76774a2f876103a147117f832400451ad2cc3
  original:
    hackage: fgl-visualize-0.1.0.1
- completed:
    hackage: dotgen-0.4.2@sha256:309b7cc8a3593a8e48bee7b53020d5f72db156d58edf78a0214f58fbb84b292b,1402
    pantry-tree:
      size: 357
      sha256: d03f332855d4d9b02e96931596e358202bd18032c323fb1abd8fe84299d259cd
  original:
    hackage: dotgen-0.4.2
- completed:
    hackage: monad-supply-0.6@sha256:9d99848857bebde27d10bdeeb190ec2b409040114671b00928edfdc56d6d71e0,725
    pantry-tree:
      size: 222
      sha256: 59fea76b03614e8788ea471564dbc4891c275ac4f6fa9bf341456ebbd7c6d647
  original:
    hackage: monad-supply-0.6
- completed:
    hackage: simple-smt-0.7.1@sha256:ece7fe5d70adc37e5012bbff04fcc30c180b2bf5aba42a318f27b330b8236d1f,736
    pantry-tree:
      size: 253
      sha256: f3f01c2f2ae2ee5b2b76988556bb0423a3a4d525ce1e7abdb26ca3f2cb9eaa18
  original:
    hackage: simple-smt-0.7.1
- completed:
    hackage: GraphSCC-1.0.4@sha256:dc3c6d6c59c15a50c9ce701bdead86f19bc2367e0d30c81a7bf55ccc6e5bd04d,936
    pantry-tree:
      size: 333
      sha256: 9a52cc3eafbca3ab1b9f7e3de63f7311ae82ec1cdaa1202eead796011e47bc25
  original:
    hackage: GraphSCC-1.0.4
- completed:
    hackage: monadLib-3.7.3@sha256:3ffd5229638985bfd8b861e7bad0afa643d65cefe110f8d7d619989beb7a6f3e,980
    pantry-tree:
      size: 426
      sha256: f6ff91ff11000bf19c1c1ea57e3a897916765b581caa7934db9f049a39d875ad
  original:
    hackage: monadLib-3.7.3
- completed:
    hackage: presburger-1.3.1@sha256:78a88b2fa0b18c2341e2a1dc6205fbdc9ebc6f28d43a906ec6e655eeffad2509,952
    pantry-tree:
      size: 270
      sha256: ffe7ccdc8526b179905bae2efbe11e80f13ebffd587e611502055f6d77e6d86c
  original:
    hackage: presburger-1.3.1
- completed:
    hackage: smtLib-1.0.8@sha256:8a86877e660e867d379faf3bc3973b757d2c2144b5a32c98a4b3b3ddc8c45c44,852
    pantry-tree:
      size: 965
      sha256: 41b692d39cb3574d00b013cd0f0e2f658343e9c20ce95c823e3169d4a0fcd5d3
  original:
    hackage: smtLib-1.0.8
- completed:
    hackage: sbv-7.6@sha256:6258457458d91310c8d9e9347de74f2e215eab8db2e29f9fb9164fa0e182b09d,11582
    pantry-tree:
      size: 30345
      sha256: 8362c450e38d44d59404812b178cbdb44fb6601d8e7fe4b5b9a1414b7379a7b3
  original:
    hackage: sbv-7.6
- completed:
    hackage: tasty-hunit-0.10.0.1@sha256:b8d274e67e3176df234e4f3536e9e000eaf947a12b3dd31052301da98a2574de,1197
    pantry-tree:
      size: 399
      sha256: 86ba27d6b6b7d62863243903287053c4086c947adcb613697da47b7b0cfde5cf
  original:
    hackage: tasty-hunit-0.10.0.1
- completed:
    hackage: aig-0.2.6@sha256:b7f97a6e4ee26416d9b7e88f9e74e1bb2cf1591b290bef383cf04ff9ab95260e,1567
    pantry-tree:
      size: 521
      sha256: 06b92fbd04edcf858620901a736bc7c0f10aee8edc52d8c7548dc001c1d3cac6
  original:
    hackage: aig-0.2.6@sha256:b7f97a6e4ee26416d9b7e88f9e74e1bb2cf1591b290bef383cf04ff9ab95260e,1567
snapshots:
- completed:
    size: 568659
    url: https://raw.githubusercontent.com/commercialhaskell/stackage-snapshots/master/lts/10/6.yaml
    sha256: a24c1837c874a478e694fdc370581b3e07cddeaf656ca85afd0c213c34001a53
  original: lts-10.6
